// !$*UTF8*$!
{
	archiveVersion = 1;
	classes = {
	};
	objectVersion = 46;
	objects = {

/* Begin PBXBuildFile section */
		1A4AAEF922258EF3005888FE /* main.cpp in Sources */ = {isa = PBXBuildFile; fileRef = 1A4AAEF822258EF3005888FE /* main.cpp */; };
/* End PBXBuildFile section */

/* Begin PBXCopyFilesBuildPhase section */
		1A4AAEF322258EF3005888FE /* CopyFiles */ = {
			isa = PBXCopyFilesBuildPhase;
			buildActionMask = 2147483647;
			dstPath = /usr/share/man/man1/;
			dstSubfolderSpec = 0;
			files = (
			);
			runOnlyForDeploymentPostprocessing = 1;
		};
/* End PBXCopyFilesBuildPhase section */

/* Begin PBXFileReference section */
		1A4AAEF522258EF3005888FE /* GeoStarCode */ = {isa = PBXFileReference; explicitFileType = "compiled.mach-o.executable"; includeInIndex = 0; path = GeoStarCode; sourceTree = BUILT_PRODUCTS_DIR; };
		1A4AAEF822258EF3005888FE /* main.cpp */ = {isa = PBXFileReference; lastKnownFileType = sourcecode.cpp.cpp; path = main.cpp; sourceTree = "<group>"; };
		1A4AAEFF22258F6A005888FE /* GaussianPDF.h */ = {isa = PBXFileReference; lastKnownFileType = sourcecode.c.h; path = GaussianPDF.h; sourceTree = "<group>"; };
/* End PBXFileReference section */

/* Begin PBXFrameworksBuildPhase section */
		1A4AAEF222258EF3005888FE /* Frameworks */ = {
			isa = PBXFrameworksBuildPhase;
			buildActionMask = 2147483647;
			files = (
			);
			runOnlyForDeploymentPostprocessing = 0;
		};
/* End PBXFrameworksBuildPhase section */

/* Begin PBXGroup section */
		1A4AAEEC22258EF3005888FE = {
			isa = PBXGroup;
			children = (
				1A4AAEF722258EF3005888FE /* GeoStarCode */,
				1A4AAEF622258EF3005888FE /* Products */,
			);
			sourceTree = "<group>";
		};
		1A4AAEF622258EF3005888FE /* Products */ = {
			isa = PBXGroup;
			children = (
				1A4AAEF522258EF3005888FE /* GeoStarCode */,
			);
			name = Products;
			sourceTree = "<group>";
		};
		1A4AAEF722258EF3005888FE /* GeoStarCode */ = {
			isa = PBXGroup;
			children = (
				1A4AAEF822258EF3005888FE /* main.cpp */,
				1A4AAEFF22258F6A005888FE /* GaussianPDF.h */,
			);
			path = GeoStarCode;
			sourceTree = "<group>";
		};
/* End PBXGroup section */

/* Begin PBXNativeTarget section */
		1A4AAEF422258EF3005888FE /* GeoStarCode */ = {
			isa = PBXNativeTarget;
			buildConfigurationList = 1A4AAEFC22258EF3005888FE /* Build configuration list for PBXNativeTarget "GeoStarCode" */;
			buildPhases = (
				1A4AAEF122258EF3005888FE /* Sources */,
				1A4AAEF222258EF3005888FE /* Frameworks */,
				1A4AAEF322258EF3005888FE /* CopyFiles */,
			);
			buildRules = (
			);
			dependencies = (
			);
			name = GeoStarCode;
			productName = GeoStarCode;
			productReference = 1A4AAEF522258EF3005888FE /* GeoStarCode */;
			productType = "com.apple.product-type.tool";
		};
/* End PBXNativeTarget section */

/* Begin PBXProject section */
		1A4AAEED22258EF3005888FE /* Project object */ = {
			isa = PBXProject;
			attributes = {
				LastUpgradeCheck = 0810;
				ORGANIZATIONNAME = "Carmen Giger";
				TargetAttributes = {
					1A4AAEF422258EF3005888FE = {
						CreatedOnToolsVersion = 8.1;
						DevelopmentTeam = 4S69CU39J6;
						ProvisioningStyle = Automatic;
					};
				};
			};
			buildConfigurationList = 1A4AAEF022258EF3005888FE /* Build configuration list for PBXProject "GeoStarCode" */;
			compatibilityVersion = "Xcode 3.2";
			developmentRegion = English;
			hasScannedForEncodings = 0;
			knownRegions = (
				en,
			);
			mainGroup = 1A4AAEEC22258EF3005888FE;
			productRefGroup = 1A4AAEF622258EF3005888FE /* Products */;
			projectDirPath = "";
			projectRoot = "";
			targets = (
				1A4AAEF422258EF3005888FE /* GeoStarCode */,
			);
		};
/* End PBXProject section */

/* Begin PBXSourcesBuildPhase section */
		1A4AAEF122258EF3005888FE /* Sources */ = {
			isa = PBXSourcesBuildPhase;
			buildActionMask = 2147483647;
			files = (
				1A4AAEF922258EF3005888FE /* main.cpp in Sources */,
			);
			runOnlyForDeploymentPostprocessing = 0;
		};
/* End PBXSourcesBuildPhase section */

/* Begin XCBuildConfiguration section */
		1A4AAEFA22258EF3005888FE /* Debug */ = {
			isa = XCBuildConfiguration;
			buildSettings = {
				ALWAYS_SEARCH_USER_PATHS = NO;
				CLANG_ANALYZER_NONNULL = YES;
				CLANG_CXX_LANGUAGE_STANDARD = "gnu++0x";
				CLANG_CXX_LIBRARY = "libc++";
				CLANG_ENABLE_MODULES = YES;
				CLANG_ENABLE_OBJC_ARC = YES;
				CLANG_WARN_BOOL_CONVERSION = YES;
				CLANG_WARN_CONSTANT_CONVERSION = YES;
				CLANG_WARN_DIRECT_OBJC_ISA_USAGE = YES_ERROR;
				CLANG_WARN_DOCUMENTATION_COMMENTS = YES;
				CLANG_WARN_EMPTY_BODY = YES;
				CLANG_WARN_ENUM_CONVERSION = YES;
				CLANG_WARN_INFINITE_RECURSION = YES;
				CLANG_WARN_INT_CONVERSION = YES;
				CLANG_WARN_OBJC_ROOT_CLASS = YES_ERROR;
				CLANG_WARN_SUSPICIOUS_MOVES = YES;
				CLANG_WARN_UNREACHABLE_CODE = YES;
				CLANG_WARN__DUPLICATE_METHOD_MATCH = YES;
				CODE_SIGN_IDENTITY = "-";
				COPY_PHASE_STRIP = NO;
				DEBUG_INFORMATION_FORMAT = dwarf;
				ENABLE_STRICT_OBJC_MSGSEND = YES;
				ENABLE_TESTABILITY = YES;
				GCC_C_LANGUAGE_STANDARD = gnu99;
				GCC_DYNAMIC_NO_PIC = NO;
				GCC_NO_COMMON_BLOCKS = YES;
				GCC_OPTIMIZATION_LEVEL = 0;
				GCC_PREPROCESSOR_DEFINITIONS = (
					"DEBUG=1",
					"$(inherited)",
				);
				GCC_WARN_64_TO_32_BIT_CONVERSION = YES;
				GCC_WARN_ABOUT_RETURN_TYPE = YES_ERROR;
				GCC_WARN_UNDECLARED_SELECTOR = YES;
				GCC_WARN_UNINITIALIZED_AUTOS = YES_AGGRESSIVE;
				GCC_WARN_UNUSED_FUNCTION = YES;
				GCC_WARN_UNUSED_VARIABLE = YES;
				MACOSX_DEPLOYMENT_TARGET = 10.11;
				MTL_ENABLE_DEBUG_INFO = YES;
				ONLY_ACTIVE_ARCH = YES;
				SDKROOT = macosx;
			};
			name = Debug;
		};
		1A4AAEFB22258EF3005888FE /* Release */ = {
			isa = XCBuildConfiguration;
			buildSettings = {
				ALWAYS_SEARCH_USER_PATHS = NO;
				CLANG_ANALYZER_NONNULL = YES;
				CLANG_CXX_LANGUAGE_STANDARD = "gnu++0x";
				CLANG_CXX_LIBRARY = "libc++";
				CLANG_ENABLE_MODULES = YES;
				CLANG_ENABLE_OBJC_ARC = YES;
				CLANG_WARN_BOOL_CONVERSION = YES;
				CLANG_WARN_CONSTANT_CONVERSION = YES;
				CLANG_WARN_DIRECT_OBJC_ISA_USAGE = YES_ERROR;
				CLANG_WARN_DOCUMENTATION_COMMENTS = YES;
				CLANG_WARN_EMPTY_BODY = YES;
				CLANG_WARN_ENUM_CONVERSION = YES;
				CLANG_WARN_INFINITE_RECURSION = YES;
				CLANG_WARN_INT_CONVERSION = YES;
				CLANG_WARN_OBJC_ROOT_CLASS = YES_ERROR;
				CLANG_WARN_SUSPICIOUS_MOVES = YES;
				CLANG_WARN_UNREACHABLE_CODE = YES;
				CLANG_WARN__DUPLICATE_METHOD_MATCH = YES;
				CODE_SIGN_IDENTITY = "-";
				COPY_PHASE_STRIP = NO;
				DEBUG_INFORMATION_FORMAT = "dwarf-with-dsym";
				ENABLE_NS_ASSERTIONS = NO;
				ENABLE_STRICT_OBJC_MSGSEND = YES;
				GCC_C_LANGUAGE_STANDARD = gnu99;
				GCC_NO_COMMON_BLOCKS = YES;
				GCC_WARN_64_TO_32_BIT_CONVERSION = YES;
				GCC_WARN_ABOUT_RETURN_TYPE = YES_ERROR;
				GCC_WARN_UNDECLARED_SELECTOR = YES;
				GCC_WARN_UNINITIALIZED_AUTOS = YES_AGGRESSIVE;
				GCC_WARN_UNUSED_FUNCTION = YES;
				GCC_WARN_UNUSED_VARIABLE = YES;
				MACOSX_DEPLOYMENT_TARGET = 10.11;
				MTL_ENABLE_DEBUG_INFO = NO;
				SDKROOT = macosx;
			};
			name = Release;
		};
		1A4AAEFD22258EF3005888FE /* Debug */ = {
			isa = XCBuildConfiguration;
			buildSettings = {
				DEVELOPMENT_TEAM = 4S69CU39J6;
				PRODUCT_NAME = "$(TARGET_NAME)";
			};
			name = Debug;
		};
		1A4AAEFE22258EF3005888FE /* Release */ = {
			isa = XCBuildConfiguration;
			buildSettings = {
				DEVELOPMENT_TEAM = 4S69CU39J6;
				PRODUCT_NAME = "$(TARGET_NAME)";
			};
			name = Release;
		};
/* End XCBuildConfiguration section */

/* Begin XCConfigurationList section */
		1A4AAEF022258EF3005888FE /* Build configuration list for PBXProject "GeoStarCode" */ = {
			isa = XCConfigurationList;
			buildConfigurations = (
				1A4AAEFA22258EF3005888FE /* Debug */,
				1A4AAEFB22258EF3005888FE /* Release */,
			);
			defaultConfigurationIsVisible = 0;
			defaultConfigurationName = Release;
		};
		1A4AAEFC22258EF3005888FE /* Build configuration list for PBXNativeTarget "GeoStarCode" */ = {
			isa = XCConfigurationList;
			buildConfigurations = (
				1A4AAEFD22258EF3005888FE /* Debug */,
				1A4AAEFE22258EF3005888FE /* Release */,
			);
			defaultConfigurationIsVisible = 0;
		};
/* End XCConfigurationList section */
	};
	rootObject = 1A4AAEED22258EF3005888FE /* Project object */;
}
